<?xml version="1.0" encoding="utf-8"?>
<Project ToolsVersion="4.0" xmlns="http://schemas.microsoft.com/developer/msbuild/2003">
  <ItemGroup>
    <Text Include="CMakeLists.txt" />
  </ItemGroup>
  <ItemGroup>
    <ClInclude Include="WiimoteInput.h" />
    <ClInclude Include="SourceMapper.h" />
    <ClInclude Include="TypesAndConstants.h" />
    <ClInclude Include="RealWiimotes\Scanner.h">
      <Filter>RealWiimotes</Filter>
    </ClInclude>
    <ClInclude Include="InputSource.h" />
    <ClInclude Include="RealWiimotes\RealDevice.h">
      <Filter>RealWiimotes</Filter>
    </ClInclude>
  </ItemGroup>
  <ItemGroup>
    <ClCompile Include="WiimoteInput.cpp" />
    <ClCompile Include="SourceMapper.cpp" />
    <ClCompile Include="InputSource.cpp" />
    <ClCompile Include="RealWiimotes\RealDevice.cpp">
      <Filter>RealWiimotes</Filter>
    </ClCompile>
  </ItemGroup>
  <ItemGroup>
    <Filter Include="RealWiimotes">
      <UniqueIdentifier>{734731f3-8c3e-4702-b35b-522098194278}</UniqueIdentifier>
    </Filter>
    <Filter Include="EmulatedWiimotes">
      <UniqueIdentifier>{0a8f9ed4-c012-40f9-be4a-ea67155c74c1}</UniqueIdentifier>
    </Filter>
  </ItemGroup>
</Project>